
Microsoft Visual Studio Solution File, Format Version 12.00
# Visual Studio Version 16
VisualStudioVersion = 16.0.31515.178
MinimumVisualStudioVersion = 10.0.40219.1
Project("{8BC9CEB8-8B4A-11D0-8D11-00A0C91BC942}") = "Linear_List1", "Linear_List1\Linear_List1.vcxproj", "{2419162A-E4CA-46EB-B4AB-40CB254D9C93}"
EndProject
Global
	GlobalSection(SolutionConfigurationPlatforms) = preSolution
		Debug|x64 = Debug|x64
		Debug|x86 = Debug|x86
		Release|x64 = Release|x64
		Release|x86 = Release|x86
	EndGlobalSection
	GlobalSection(ProjectConfigurationPlatforms) = postSolution
		{2419162A-E4CA-46EB-B4AB-40CB254D9C93}.Debug|x64.ActiveCfg = Debug|x64
		{2419162A-E4CA-46EB-B4AB-40CB254D9C93}.Debug|x64.Build.0 = Debug|x64
		{2419162A-E4CA-46EB-B4AB-40CB254D9C93}.Debug|x86.ActiveCfg = Debug|Win32
		{2419162A-E4CA-46EB-B4AB-40CB254D9C93}.Debug|x86.Build.0 = Debug|Win32
		{2419162A-E4CA-46EB-B4AB-40CB254D9C93}.Release|x64.ActiveCfg = Release|x64
		{2419162A-E4CA-46EB-B4AB-40CB254D9C93}.Release|x64.Build.0 = Release|x64
		{2419162A-E4CA-46EB-B4AB-40CB254D9C93}.Release|x86.ActiveCfg = Release|Win32
		{2419162A-E4CA-46EB-B4AB-40CB254D9C93}.Release|x86.Build.0 = Release|Win32
	EndGlobalSection
	GlobalSection(SolutionProperties) = preSolution
		HideSolutionNode = FALSE
	EndGlobalSection
	GlobalSection(ExtensibilityGlobals) = postSolution
		SolutionGuid = {4EFAE0A9-4111-4136-9257-FC7654181470}
	EndGlobalSection
EndGlobal
